
Microsoft Visual Studio Solution File, Format Version 12.00
# Visual Studio Version 16
VisualStudioVersion = 16.0.29418.71
MinimumVisualStudioVersion = 10.0.40219.1
Project("{FAE04EC0-301F-11D3-BF4B-00C04F79EFBC}") = "FreesideKeyServerTest", "FreesideKeyServerTest\FreesideKeyServerTest.csproj", "{FFF3A1A9-B2E0-4164-AC90-12BE7EF2868D}"
EndProject
Project("{2150E333-8FDC-42A3-9474-1A3956D46DE8}") = "HostProjects", "HostProjects", "{08843337-7735-4A5D-AC53-2352390CF26A}"
EndProject
Project("{2150E333-8FDC-42A3-9474-1A3956D46DE8}") = "MainPrograms", "MainPrograms", "{7C7E5CBF-4F4B-48CF-9CBB-E96BEE9A0364}"
EndProject
Project("{FAE04EC0-301F-11D3-BF4B-00C04F79EFBC}") = "FreesideKeyService", "FreesideKeyService\FreesideKeyService.csproj", "{82677D89-9687-4C79-A3F1-24A25D8624AD}"
EndProject
Project("{2150E333-8FDC-42A3-9474-1A3956D46DE8}") = "WGToolKit", "WGToolKit", "{5FC01A17-B38F-4875-A2C7-A33A179C47D7}"
EndProject
Project("{FAE04EC0-301F-11D3-BF4B-00C04F79EFBC}") = "WGToolKit", "WGToolKit\WGToolKit.csproj", "{DDFB4D8E-B114-4351-8B4B-79F4B8A5B526}"
EndProject
Project("{FAE04EC0-301F-11D3-BF4B-00C04F79EFBC}") = "WGToolKitHost", "WGToolKitHost\WGToolKitHost.csproj", "{1F7B4241-E15B-494A-8F23-82401205186A}"
EndProject
Global
	GlobalSection(SolutionConfigurationPlatforms) = preSolution
		Debug|Any CPU = Debug|Any CPU
		Release|Any CPU = Release|Any CPU
	EndGlobalSection
	GlobalSection(ProjectConfigurationPlatforms) = postSolution
		{FFF3A1A9-B2E0-4164-AC90-12BE7EF2868D}.Debug|Any CPU.ActiveCfg = Debug|Any CPU
		{FFF3A1A9-B2E0-4164-AC90-12BE7EF2868D}.Debug|Any CPU.Build.0 = Debug|Any CPU
		{FFF3A1A9-B2E0-4164-AC90-12BE7EF2868D}.Release|Any CPU.ActiveCfg = Release|Any CPU
		{FFF3A1A9-B2E0-4164-AC90-12BE7EF2868D}.Release|Any CPU.Build.0 = Release|Any CPU
		{82677D89-9687-4C79-A3F1-24A25D8624AD}.Debug|Any CPU.ActiveCfg = Debug|Any CPU
		{82677D89-9687-4C79-A3F1-24A25D8624AD}.Debug|Any CPU.Build.0 = Debug|Any CPU
		{82677D89-9687-4C79-A3F1-24A25D8624AD}.Release|Any CPU.ActiveCfg = Release|Any CPU
		{82677D89-9687-4C79-A3F1-24A25D8624AD}.Release|Any CPU.Build.0 = Release|Any CPU
		{DDFB4D8E-B114-4351-8B4B-79F4B8A5B526}.Debug|Any CPU.ActiveCfg = Debug|Any CPU
		{DDFB4D8E-B114-4351-8B4B-79F4B8A5B526}.Debug|Any CPU.Build.0 = Debug|Any CPU
		{DDFB4D8E-B114-4351-8B4B-79F4B8A5B526}.Release|Any CPU.ActiveCfg = Release|Any CPU
		{DDFB4D8E-B114-4351-8B4B-79F4B8A5B526}.Release|Any CPU.Build.0 = Release|Any CPU
		{1F7B4241-E15B-494A-8F23-82401205186A}.Debug|Any CPU.ActiveCfg = Debug|Any CPU
		{1F7B4241-E15B-494A-8F23-82401205186A}.Debug|Any CPU.Build.0 = Debug|Any CPU
		{1F7B4241-E15B-494A-8F23-82401205186A}.Release|Any CPU.ActiveCfg = Release|Any CPU
		{1F7B4241-E15B-494A-8F23-82401205186A}.Release|Any CPU.Build.0 = Release|Any CPU
	EndGlobalSection
	GlobalSection(SolutionProperties) = preSolution
		HideSolutionNode = FALSE
	EndGlobalSection
	GlobalSection(NestedProjects) = preSolution
		{FFF3A1A9-B2E0-4164-AC90-12BE7EF2868D} = {08843337-7735-4A5D-AC53-2352390CF26A}
		{82677D89-9687-4C79-A3F1-24A25D8624AD} = {7C7E5CBF-4F4B-48CF-9CBB-E96BEE9A0364}
		{DDFB4D8E-B114-4351-8B4B-79F4B8A5B526} = {5FC01A17-B38F-4875-A2C7-A33A179C47D7}
		{1F7B4241-E15B-494A-8F23-82401205186A} = {5FC01A17-B38F-4875-A2C7-A33A179C47D7}
	EndGlobalSection
	GlobalSection(ExtensibilityGlobals) = postSolution
		SolutionGuid = {32D44335-5D9C-4153-8F5D-26E133002B85}
	EndGlobalSection
EndGlobal
