
Microsoft Visual Studio Solution File, Format Version 12.00
# Visual Studio Version 16
VisualStudioVersion = 16.0.29418.71
MinimumVisualStudioVersion = 10.0.40219.1
Project("{FAE04EC0-301F-11D3-BF4B-00C04F79EFBC}") = "FreesideKeyTrayMon", "FreesideKeyTrayMon\FreesideKeyTrayMon.csproj", "{6EE90EFB-1517-4CD3-8E68-D145B76600FD}"
EndProject
Project("{FAE04EC0-301F-11D3-BF4B-00C04F79EFBC}") = "FreesideKeyServerTest", "FreesideKeyServerTest\FreesideKeyServerTest.csproj", "{FFF3A1A9-B2E0-4164-AC90-12BE7EF2868D}"
EndProject
Project("{FAE04EC0-301F-11D3-BF4B-00C04F79EFBC}") = "FSKeyCommon", "FSKeyCommon\FSKeyCommon.csproj", "{9C6582D5-F61A-4292-A0E9-F38C92169A60}"
EndProject
Project("{2150E333-8FDC-42A3-9474-1A3956D46DE8}") = "HostProjects", "HostProjects", "{08843337-7735-4A5D-AC53-2352390CF26A}"
EndProject
Project("{2150E333-8FDC-42A3-9474-1A3956D46DE8}") = "SupportLibs", "SupportLibs", "{A5C7961E-0BDA-41F6-82C0-ABFEF9DB3622}"
EndProject
Project("{2150E333-8FDC-42A3-9474-1A3956D46DE8}") = "MainPrograms", "MainPrograms", "{7C7E5CBF-4F4B-48CF-9CBB-E96BEE9A0364}"
EndProject
Project("{FAE04EC0-301F-11D3-BF4B-00C04F79EFBC}") = "FreesideKeyService", "FreesideKeyService\FreesideKeyService.csproj", "{82677D89-9687-4C79-A3F1-24A25D8624AD}"
EndProject
Project("{2150E333-8FDC-42A3-9474-1A3956D46DE8}") = "WGToolKit", "WGToolKit", "{5FC01A17-B38F-4875-A2C7-A33A179C47D7}"
EndProject
Project("{9A19103F-16F7-4668-BE54-9A1E7A4F7556}") = "WGTookKitTest", "WGTookKitTest\WGTookKitTest.csproj", "{BF33EEC8-E632-436C-9F03-8E37A1BC04D5}"
EndProject
Project("{2150E333-8FDC-42A3-9474-1A3956D46DE8}") = "Tools", "Tools", "{821E6CD1-480A-497D-97B3-604B6A05B6AE}"
EndProject
Project("{FAE04EC0-301F-11D3-BF4B-00C04F79EFBC}") = "CertGen", "CertGen\CertGen.csproj", "{024D488F-11F1-42A0-8673-A998F412A09E}"
EndProject
Project("{FAE04EC0-301F-11D3-BF4B-00C04F79EFBC}") = "WGToolKit", "WGToolKit2\WGToolKit.csproj", "{DDFB4D8E-B114-4351-8B4B-79F4B8A5B526}"
EndProject
Global
	GlobalSection(SolutionConfigurationPlatforms) = preSolution
		Debug|Any CPU = Debug|Any CPU
		Release|Any CPU = Release|Any CPU
	EndGlobalSection
	GlobalSection(ProjectConfigurationPlatforms) = postSolution
		{6EE90EFB-1517-4CD3-8E68-D145B76600FD}.Debug|Any CPU.ActiveCfg = Debug|Any CPU
		{6EE90EFB-1517-4CD3-8E68-D145B76600FD}.Debug|Any CPU.Build.0 = Debug|Any CPU
		{6EE90EFB-1517-4CD3-8E68-D145B76600FD}.Release|Any CPU.ActiveCfg = Release|Any CPU
		{6EE90EFB-1517-4CD3-8E68-D145B76600FD}.Release|Any CPU.Build.0 = Release|Any CPU
		{FFF3A1A9-B2E0-4164-AC90-12BE7EF2868D}.Debug|Any CPU.ActiveCfg = Debug|Any CPU
		{FFF3A1A9-B2E0-4164-AC90-12BE7EF2868D}.Debug|Any CPU.Build.0 = Debug|Any CPU
		{FFF3A1A9-B2E0-4164-AC90-12BE7EF2868D}.Release|Any CPU.ActiveCfg = Release|Any CPU
		{FFF3A1A9-B2E0-4164-AC90-12BE7EF2868D}.Release|Any CPU.Build.0 = Release|Any CPU
		{9C6582D5-F61A-4292-A0E9-F38C92169A60}.Debug|Any CPU.ActiveCfg = Debug|Any CPU
		{9C6582D5-F61A-4292-A0E9-F38C92169A60}.Debug|Any CPU.Build.0 = Debug|Any CPU
		{9C6582D5-F61A-4292-A0E9-F38C92169A60}.Release|Any CPU.ActiveCfg = Release|Any CPU
		{9C6582D5-F61A-4292-A0E9-F38C92169A60}.Release|Any CPU.Build.0 = Release|Any CPU
		{82677D89-9687-4C79-A3F1-24A25D8624AD}.Debug|Any CPU.ActiveCfg = Debug|Any CPU
		{82677D89-9687-4C79-A3F1-24A25D8624AD}.Debug|Any CPU.Build.0 = Debug|Any CPU
		{82677D89-9687-4C79-A3F1-24A25D8624AD}.Release|Any CPU.ActiveCfg = Release|Any CPU
		{82677D89-9687-4C79-A3F1-24A25D8624AD}.Release|Any CPU.Build.0 = Release|Any CPU
		{BF33EEC8-E632-436C-9F03-8E37A1BC04D5}.Debug|Any CPU.ActiveCfg = Debug|Any CPU
		{BF33EEC8-E632-436C-9F03-8E37A1BC04D5}.Debug|Any CPU.Build.0 = Debug|Any CPU
		{BF33EEC8-E632-436C-9F03-8E37A1BC04D5}.Release|Any CPU.ActiveCfg = Release|Any CPU
		{BF33EEC8-E632-436C-9F03-8E37A1BC04D5}.Release|Any CPU.Build.0 = Release|Any CPU
		{024D488F-11F1-42A0-8673-A998F412A09E}.Debug|Any CPU.ActiveCfg = Debug|Any CPU
		{024D488F-11F1-42A0-8673-A998F412A09E}.Debug|Any CPU.Build.0 = Debug|Any CPU
		{024D488F-11F1-42A0-8673-A998F412A09E}.Release|Any CPU.ActiveCfg = Release|Any CPU
		{024D488F-11F1-42A0-8673-A998F412A09E}.Release|Any CPU.Build.0 = Release|Any CPU
		{DDFB4D8E-B114-4351-8B4B-79F4B8A5B526}.Debug|Any CPU.ActiveCfg = Debug|Any CPU
		{DDFB4D8E-B114-4351-8B4B-79F4B8A5B526}.Debug|Any CPU.Build.0 = Debug|Any CPU
		{DDFB4D8E-B114-4351-8B4B-79F4B8A5B526}.Release|Any CPU.ActiveCfg = Release|Any CPU
		{DDFB4D8E-B114-4351-8B4B-79F4B8A5B526}.Release|Any CPU.Build.0 = Release|Any CPU
	EndGlobalSection
	GlobalSection(SolutionProperties) = preSolution
		HideSolutionNode = FALSE
	EndGlobalSection
	GlobalSection(NestedProjects) = preSolution
		{6EE90EFB-1517-4CD3-8E68-D145B76600FD} = {7C7E5CBF-4F4B-48CF-9CBB-E96BEE9A0364}
		{FFF3A1A9-B2E0-4164-AC90-12BE7EF2868D} = {08843337-7735-4A5D-AC53-2352390CF26A}
		{9C6582D5-F61A-4292-A0E9-F38C92169A60} = {A5C7961E-0BDA-41F6-82C0-ABFEF9DB3622}
		{82677D89-9687-4C79-A3F1-24A25D8624AD} = {7C7E5CBF-4F4B-48CF-9CBB-E96BEE9A0364}
		{BF33EEC8-E632-436C-9F03-8E37A1BC04D5} = {5FC01A17-B38F-4875-A2C7-A33A179C47D7}
		{024D488F-11F1-42A0-8673-A998F412A09E} = {821E6CD1-480A-497D-97B3-604B6A05B6AE}
		{DDFB4D8E-B114-4351-8B4B-79F4B8A5B526} = {5FC01A17-B38F-4875-A2C7-A33A179C47D7}
	EndGlobalSection
	GlobalSection(ExtensibilityGlobals) = postSolution
		SolutionGuid = {32D44335-5D9C-4153-8F5D-26E133002B85}
	EndGlobalSection
EndGlobal
